
Microsoft Visual Studio Solution File, Format Version 12.00
# Visual Studio 14
VisualStudioVersion = 14.0.23107.0
MinimumVisualStudioVersion = 10.0.40219.1
Project("{FAE04EC0-301F-11D3-BF4B-00C04F79EFBC}") = "API", "API\API.csproj", "{8B8A0970-4837-4D2A-8528-A46101DE6E41}"
EndProject
Project("{FAE04EC0-301F-11D3-BF4B-00C04F79EFBC}") = "DataAccess", "DataAccess\DataAccess.csproj", "{8B678A81-83A0-43E9-A737-9E6259E4B1E1}"
EndProject
Project("{FAE04EC0-301F-11D3-BF4B-00C04F79EFBC}") = "Core", "Core\Core.csproj", "{3952405E-57D0-4CCF-8108-B8BE680EBB22}"
EndProject
Global
	GlobalSection(SolutionConfigurationPlatforms) = preSolution
		Debug|Any CPU = Debug|Any CPU
		Release|Any CPU = Release|Any CPU
	EndGlobalSection
	GlobalSection(ProjectConfigurationPlatforms) = postSolution
		{8B8A0970-4837-4D2A-8528-A46101DE6E41}.Debug|Any CPU.ActiveCfg = Debug|Any CPU
		{8B8A0970-4837-4D2A-8528-A46101DE6E41}.Debug|Any CPU.Build.0 = Debug|Any CPU
		{8B8A0970-4837-4D2A-8528-A46101DE6E41}.Release|Any CPU.ActiveCfg = Release|Any CPU
		{8B8A0970-4837-4D2A-8528-A46101DE6E41}.Release|Any CPU.Build.0 = Release|Any CPU
		{8B678A81-83A0-43E9-A737-9E6259E4B1E1}.Debug|Any CPU.ActiveCfg = Debug|Any CPU
		{8B678A81-83A0-43E9-A737-9E6259E4B1E1}.Debug|Any CPU.Build.0 = Debug|Any CPU
		{8B678A81-83A0-43E9-A737-9E6259E4B1E1}.Release|Any CPU.ActiveCfg = Release|Any CPU
		{8B678A81-83A0-43E9-A737-9E6259E4B1E1}.Release|Any CPU.Build.0 = Release|Any CPU
		{3952405E-57D0-4CCF-8108-B8BE680EBB22}.Debug|Any CPU.ActiveCfg = Debug|Any CPU
		{3952405E-57D0-4CCF-8108-B8BE680EBB22}.Debug|Any CPU.Build.0 = Debug|Any CPU
		{3952405E-57D0-4CCF-8108-B8BE680EBB22}.Release|Any CPU.ActiveCfg = Release|Any CPU
		{3952405E-57D0-4CCF-8108-B8BE680EBB22}.Release|Any CPU.Build.0 = Release|Any CPU
	EndGlobalSection
	GlobalSection(SolutionProperties) = preSolution
		HideSolutionNode = FALSE
	EndGlobalSection
EndGlobal
